
Microsoft Visual Studio Solution File, Format Version 12.00
# Visual Studio Version 17
VisualStudioVersion = 17.9.34902.65
MinimumVisualStudioVersion = 10.0.40219.1
Project("{FAE04EC0-301F-11D3-BF4B-00C04F79EFBC}") = "Soma", "Soma\Soma.csproj", "{D4E18C16-F913-4D62-96F6-BCAF76FEA653}"
EndProject
Global
	GlobalSection(SolutionConfigurationPlatforms) = preSolution
		Debug|Any CPU = Debug|Any CPU
		Release|Any CPU = Release|Any CPU
	EndGlobalSection
	GlobalSection(ProjectConfigurationPlatforms) = postSolution
		{D4E18C16-F913-4D62-96F6-BCAF76FEA653}.Debug|Any CPU.ActiveCfg = Debug|Any CPU
		{D4E18C16-F913-4D62-96F6-BCAF76FEA653}.Debug|Any CPU.Build.0 = Debug|Any CPU
		{D4E18C16-F913-4D62-96F6-BCAF76FEA653}.Release|Any CPU.ActiveCfg = Release|Any CPU
		{D4E18C16-F913-4D62-96F6-BCAF76FEA653}.Release|Any CPU.Build.0 = Release|Any CPU
	EndGlobalSection
	GlobalSection(SolutionProperties) = preSolution
		HideSolutionNode = FALSE
	EndGlobalSection
	GlobalSection(ExtensibilityGlobals) = postSolution
		SolutionGuid = {72BC95EC-5CE2-4994-A59B-B3C146BCCF34}
	EndGlobalSection
EndGlobal
